
Microsoft Visual Studio Solution File, Format Version 12.00
# Visual Studio Version 17
VisualStudioVersion = 17.3.32922.545
MinimumVisualStudioVersion = 10.0.40219.1
Project("{FAE04EC0-301F-11D3-BF4B-00C04F79EFBC}") = "APISamplesNetFramework", "src\APISamplesNetFramework.csproj", "{640DA757-E819-443E-B4A0-B7A4938E5796}"
EndProject
Project("{9A19103F-16F7-4668-BE54-9A1E7A4F7556}") = "ApiSamplesNetCore", "src\ApiSamplesNetCore.csproj", "{84782270-1A31-4A62-883E-63759987E6EA}"
EndProject
Global
	GlobalSection(SolutionConfigurationPlatforms) = preSolution
		Debug|Any CPU = Debug|Any CPU
		Release|Any CPU = Release|Any CPU
	EndGlobalSection
	GlobalSection(ProjectConfigurationPlatforms) = postSolution
		{640DA757-E819-443E-B4A0-B7A4938E5796}.Debug|Any CPU.ActiveCfg = Debug|Any CPU
		{640DA757-E819-443E-B4A0-B7A4938E5796}.Debug|Any CPU.Build.0 = Debug|Any CPU
		{640DA757-E819-443E-B4A0-B7A4938E5796}.Release|Any CPU.ActiveCfg = Release|Any CPU
		{640DA757-E819-443E-B4A0-B7A4938E5796}.Release|Any CPU.Build.0 = Release|Any CPU
		{84782270-1A31-4A62-883E-63759987E6EA}.Debug|Any CPU.ActiveCfg = Debug|Any CPU
		{84782270-1A31-4A62-883E-63759987E6EA}.Debug|Any CPU.Build.0 = Debug|Any CPU
		{84782270-1A31-4A62-883E-63759987E6EA}.Release|Any CPU.ActiveCfg = Release|Any CPU
		{84782270-1A31-4A62-883E-63759987E6EA}.Release|Any CPU.Build.0 = Release|Any CPU
	EndGlobalSection
	GlobalSection(SolutionProperties) = preSolution
		HideSolutionNode = FALSE
	EndGlobalSection
	GlobalSection(ExtensibilityGlobals) = postSolution
		SolutionGuid = {1EBD4E9E-621A-4CAE-A3AC-11D060556973}
	EndGlobalSection
EndGlobal
